
Microsoft Visual Studio Solution File, Format Version 12.00
# Visual Studio Version 17
VisualStudioVersion = 17.11.35327.3
MinimumVisualStudioVersion = 10.0.40219.1
Project("{FAE04EC0-301F-11D3-BF4B-00C04F79EFBC}") = "BookingSystem-web-api", "BookingSystem-web-api.csproj", "{0FA5AEC1-CCC3-4C3D-97E7-868697B49E3F}"
EndProject
Global
	GlobalSection(SolutionConfigurationPlatforms) = preSolution
		Debug|Any CPU = Debug|Any CPU
		Release|Any CPU = Release|Any CPU
	EndGlobalSection
	GlobalSection(ProjectConfigurationPlatforms) = postSolution
		{0FA5AEC1-CCC3-4C3D-97E7-868697B49E3F}.Debug|Any CPU.ActiveCfg = Debug|Any CPU
		{0FA5AEC1-CCC3-4C3D-97E7-868697B49E3F}.Debug|Any CPU.Build.0 = Debug|Any CPU
		{0FA5AEC1-CCC3-4C3D-97E7-868697B49E3F}.Release|Any CPU.ActiveCfg = Release|Any CPU
		{0FA5AEC1-CCC3-4C3D-97E7-868697B49E3F}.Release|Any CPU.Build.0 = Release|Any CPU
	EndGlobalSection
	GlobalSection(SolutionProperties) = preSolution
		HideSolutionNode = FALSE
	EndGlobalSection
	GlobalSection(ExtensibilityGlobals) = postSolution
		SolutionGuid = {FCF9D4E0-54F4-4D37-986B-28CA9B813B56}
	EndGlobalSection
EndGlobal
